
Microsoft Visual Studio Solution File, Format Version 12.00
# Visual Studio Express 2012 for Windows Desktop
Project("{FAE04EC0-301F-11D3-BF4B-00C04F79EFBC}") = "GrCapture", "GrCapture\GrCapture.csproj", "{01F10114-73C6-43D1-A583-9FD4024D3D50}"
EndProject
Global
	GlobalSection(SolutionConfigurationPlatforms) = preSolution
		Debug|Any CPU = Debug|Any CPU
		Release|Any CPU = Release|Any CPU
		Description = Mao Weiqing
	EndGlobalSection
	GlobalSection(ProjectConfigurationPlatforms) = postSolution
		{01F10114-73C6-43D1-A583-9FD4024D3D50}.Debug|Any CPU.ActiveCfg = Debug|Any CPU
		{01F10114-73C6-43D1-A583-9FD4024D3D50}.Debug|Any CPU.Build.0 = Debug|Any CPU
		{01F10114-73C6-43D1-A583-9FD4024D3D50}.Release|Any CPU.ActiveCfg = Release|Any CPU
		{01F10114-73C6-43D1-A583-9FD4024D3D50}.Release|Any CPU.Build.0 = Release|Any CPU
	EndGlobalSection
	GlobalSection(SolutionProperties) = preSolution
		HideSolutionNode = FALSE
	EndGlobalSection
EndGlobal
